
Microsoft Visual Studio Solution File, Format Version 12.00
# Visual Studio Version 17
VisualStudioVersion = 17.2.32630.192
MinimumVisualStudioVersion = 10.0.40219.1
Project("{9A19103F-16F7-4668-BE54-9A1E7A4F7556}") = "NZWalks.Api", "NZWalks.Api\NZWalks.Api.csproj", "{12542E1C-E74D-42C3-A1E7-A11DCC0536F9}"
EndProject
Project("{FAE04EC0-301F-11D3-BF4B-00C04F79EFBC}") = "NZWalks.UI", "NZWalks.UI\NZWalks.UI.csproj", "{51288388-5DE4-441D-8A3F-94450C675BD2}"
EndProject
Global
	GlobalSection(SolutionConfigurationPlatforms) = preSolution
		Debug|Any CPU = Debug|Any CPU
		Release|Any CPU = Release|Any CPU
	EndGlobalSection
	GlobalSection(ProjectConfigurationPlatforms) = postSolution
		{12542E1C-E74D-42C3-A1E7-A11DCC0536F9}.Debug|Any CPU.ActiveCfg = Debug|Any CPU
		{12542E1C-E74D-42C3-A1E7-A11DCC0536F9}.Debug|Any CPU.Build.0 = Debug|Any CPU
		{12542E1C-E74D-42C3-A1E7-A11DCC0536F9}.Release|Any CPU.ActiveCfg = Release|Any CPU
		{12542E1C-E74D-42C3-A1E7-A11DCC0536F9}.Release|Any CPU.Build.0 = Release|Any CPU
		{51288388-5DE4-441D-8A3F-94450C675BD2}.Debug|Any CPU.ActiveCfg = Debug|Any CPU
		{51288388-5DE4-441D-8A3F-94450C675BD2}.Debug|Any CPU.Build.0 = Debug|Any CPU
		{51288388-5DE4-441D-8A3F-94450C675BD2}.Release|Any CPU.ActiveCfg = Release|Any CPU
		{51288388-5DE4-441D-8A3F-94450C675BD2}.Release|Any CPU.Build.0 = Release|Any CPU
	EndGlobalSection
	GlobalSection(SolutionProperties) = preSolution
		HideSolutionNode = FALSE
	EndGlobalSection
	GlobalSection(ExtensibilityGlobals) = postSolution
		SolutionGuid = {E773FCC7-56BB-4622-871E-287100B2B156}
	EndGlobalSection
EndGlobal
